# This file is automatically @generated by Cargo.
# It is not intended for manual editing.
version = 4

[[package]]
name = "arch-check"
version = "0.1.0"

[[package]]
name = "relay-bench"
version = "0.1.0"

[[package]]
name = "relay-cli"
version = "0.1.0"

[[package]]
name = "relay-client"
version = "0.1.0"

[[package]]
name = "relay-core"
version = "0.1.0"

[[package]]
name = "relay-model"
version = "0.1.0"

[[package]]
name = "relay-raft"
version = "0.1.0"

[[package]]
name = "relay-server"
version = "0.1.0"

[[package]]
name = "relay-sim"
version = "0.1.0"

[[package]]
name = "relay-wal"
version = "0.1.0"

[[package]]
name = "relay-wire"
version = "0.1.0"
